# This file is automatically @generated by Poetry 1.8.4 and should not be changed by hand.

[[package]]
name = "exrex"
version = "0.12.0"
description = "Irregular methods for regular expressions"
optional = false
python-versions = "*"
files = [
    {file = "exrex-0.12.0-py3-none-any.whl", hash = "sha256:1228f2e3afb008cacf6adc3ec20b098f1303886f4382b57cdf3b7259fb7c0ad3"},
    {file = "exrex-0.12.0.tar.gz", hash = "sha256:3f582add0700d4141e279625252e7a0655f9ad81feab3b8ab9077966668a2c99"},
]

[[package]]
name = "pyparsing"
version = "3.2.0"
description = "pyparsing module - Classes and methods to define and execute parsing grammars"
optional = false
python-versions = ">=3.9"
files = [
    {file = "pyparsing-3.2.0-py3-none-any.whl", hash = "sha256:93d9577b88da0bbea8cc8334ee8b918ed014968fd2ec383e868fb8afb1ccef84"},
    {file = "pyparsing-3.2.0.tar.gz", hash = "sha256:cbf74e27246d595d9a74b186b810f6fbb86726dbf3b9532efb343f6d7294fe9c"},
]

[package.extras]
diagrams = ["jinja2", "railroad-diagrams"]

[[package]]
name = "python-dateutil"
version = "2.9.0.post0"
description = "Extensions to the standard Python datetime module"
optional = false
python-versions = "!=3.0.*,!=3.1.*,!=3.2.*,>=2.7"
files = [
    {file = "python-dateutil-2.9.0.post0.tar.gz", hash = "sha256:37dd54208da7e1cd875388217d5e00ebd4179249f90fb72437e91a35459a0ad3"},
    {file = "python_dateutil-2.9.0.post0-py2.py3-none-any.whl", hash = "sha256:a8b2bc7bffae282281c8140a97d3aa9c14da0b136dfe83f850eea9a5f7470427"},
]

[package.dependencies]
six = ">=1.5"

[[package]]
name = "rdf-graph-gen"
version = "1.1.3"
description = "Synthetic RDF graph generator based on SHACL constraints."
optional = false
python-versions = "*"
files = [
    {file = "rdf_graph_gen-1.1.3-py3-none-any.whl", hash = "sha256:4baf0d3d7a10cdbc3d4fd307e772be4a0407258a8e4ed758588940665ca25f42"},
    {file = "rdf_graph_gen-1.1.3.tar.gz", hash = "sha256:c374ab0895e2601f44d573bf4bc63414e0ccc13ef7d7e98ea6692fdf0fba638c"},
]

[package.dependencies]
exrex = ">=0.11.0"
python-dateutil = ">=2.8.2"
rdflib = ">=7.0.0"
setuptools = ">=69.1.1"

[[package]]
name = "rdflib"
version = "7.1.1"
description = "RDFLib is a Python library for working with RDF, a simple yet powerful language for representing information."
optional = false
python-versions = "<4.0.0,>=3.8.1"
files = [
    {file = "rdflib-7.1.1-py3-none-any.whl", hash = "sha256:e590fa9a2c34ba33a667818b5a84be3fb8a4d85868f8038f17912ec84f912a25"},
    {file = "rdflib-7.1.1.tar.gz", hash = "sha256:164de86bd3564558802ca983d84f6616a4a1a420c7a17a8152f5016076b2913e"},
]

[package.dependencies]
pyparsing = ">=2.1.0,<4"

[package.extras]
berkeleydb = ["berkeleydb (>=18.1.0,<19.0.0)"]
html = ["html5rdf (>=1.2,<2)"]
lxml = ["lxml (>=4.3,<6.0)"]
networkx = ["networkx (>=2,<4)"]
orjson = ["orjson (>=3.9.14,<4)"]

[[package]]
name = "setuptools"
version = "75.6.0"
description = "Easily download, build, install, upgrade, and uninstall Python packages"
optional = false
python-versions = ">=3.9"
files = [
    {file = "setuptools-75.6.0-py3-none-any.whl", hash = "sha256:ce74b49e8f7110f9bf04883b730f4765b774ef3ef28f722cce7c273d253aaf7d"},
    {file = "setuptools-75.6.0.tar.gz", hash = "sha256:8199222558df7c86216af4f84c30e9b34a61d8ba19366cc914424cdbd28252f6"},
]

[package.extras]
check = ["pytest-checkdocs (>=2.4)", "pytest-ruff (>=0.2.1)", "ruff (>=0.7.0)"]
core = ["importlib_metadata (>=6)", "jaraco.collections", "jaraco.functools (>=4)", "jaraco.text (>=3.7)", "more_itertools", "more_itertools (>=8.8)", "packaging", "packaging (>=24.2)", "platformdirs (>=4.2.2)", "tomli (>=2.0.1)", "wheel (>=0.43.0)"]
cover = ["pytest-cov"]
doc = ["furo", "jaraco.packaging (>=9.3)", "jaraco.tidelift (>=1.4)", "pygments-github-lexers (==0.0.5)", "pyproject-hooks (!=1.1)", "rst.linker (>=1.9)", "sphinx (>=3.5)", "sphinx-favicon", "sphinx-inline-tabs", "sphinx-lint", "sphinx-notfound-page (>=1,<2)", "sphinx-reredirects", "sphinxcontrib-towncrier", "towncrier (<24.7)"]
enabler = ["pytest-enabler (>=2.2)"]
test = ["build[virtualenv] (>=1.0.3)", "filelock (>=3.4.0)", "ini2toml[lite] (>=0.14)", "jaraco.develop (>=7.21)", "jaraco.envs (>=2.2)", "jaraco.path (>=3.2.0)", "jaraco.test (>=5.5)", "packaging (>=24.2)", "pip (>=19.1)", "pyproject-hooks (!=1.1)", "pytest (>=6,!=8.1.*)", "pytest-home (>=0.5)", "pytest-perf", "pytest-subprocess", "pytest-timeout", "pytest-xdist (>=3)", "tomli-w (>=1.0.0)", "virtualenv (>=13.0.0)", "wheel (>=0.44.0)"]
type = ["importlib_metadata (>=7.0.2)", "jaraco.develop (>=7.21)", "mypy (>=1.12,<1.14)", "pytest-mypy"]

[[package]]
name = "six"
version = "1.16.0"
description = "Python 2 and 3 compatibility utilities"
optional = false
python-versions = ">=2.7, !=3.0.*, !=3.1.*, !=3.2.*"
files = [
    {file = "six-1.16.0-py2.py3-none-any.whl", hash = "sha256:8abb2f1d86890a2dfb989f9a77cfcfd3e47c2a354b01111771326f8aa26e0254"},
    {file = "six-1.16.0.tar.gz", hash = "sha256:1e61c37477a1626458e36f7b1d82aa5c9b094fa4802892072e49de9c60c4c926"},
]

[metadata]
lock-version = "2.0"
python-versions = "^3.11"
content-hash = "5f34e9542d7a523f3659fde2346ddf62fe8f392546ad6040e83bab47e83542a0"
